// !$*UTF8*$!
{
	archiveVersion = 1;
	classes = {
	};
	objectVersion = 50;
	objects = {

/* Begin PBXBuildFile section */
		9F82F87A2575026F001FADB2 /* AppDelegate.swift in Sources */ = {isa = PBXBuildFile; fileRef = 9F82F8792575026F001FADB2 /* AppDelegate.swift */; };
		9F82F87C2575026F001FADB2 /* SceneDelegate.swift in Sources */ = {isa = PBXBuildFile; fileRef = 9F82F87B2575026F001FADB2 /* SceneDelegate.swift */; };
		9F82F8812575026F001FADB2 /* Main.storyboard in Resources */ = {isa = PBXBuildFile; fileRef = 9F82F87F2575026F001FADB2 /* Main.storyboard */; };
		9F82F8842575026F001FADB2 /* SpreadSheetPrototype.xcdatamodeld in Sources */ = {isa = PBXBuildFile; fileRef = 9F82F8822575026F001FADB2 /* SpreadSheetPrototype.xcdatamodeld */; };
		9F82F88625750270001FADB2 /* Assets.xcassets in Resources */ = {isa = PBXBuildFile; fileRef = 9F82F88525750270001FADB2 /* Assets.xcassets */; };
		9F82F88925750270001FADB2 /* LaunchScreen.storyboard in Resources */ = {isa = PBXBuildFile; fileRef = 9F82F88725750270001FADB2 /* LaunchScreen.storyboard */; };
		9F82F89E25769417001FADB2 /* SheetList.swift in Sources */ = {isa = PBXBuildFile; fileRef = 9F82F89D25769417001FADB2 /* SheetList.swift */; };
		9F82F8A225769423001FADB2 /* Sheet.swift in Sources */ = {isa = PBXBuildFile; fileRef = 9F82F8A125769423001FADB2 /* Sheet.swift */; };
		9F82F8A52576942E001FADB2 /* SheetCell.swift in Sources */ = {isa = PBXBuildFile; fileRef = 9F82F8A42576942E001FADB2 /* SheetCell.swift */; };
		9F82F8A825769944001FADB2 /* SheetListTableViewController.swift in Sources */ = {isa = PBXBuildFile; fileRef = 9F82F8A725769944001FADB2 /* SheetListTableViewController.swift */; };
		9F82F8B02577479D001FADB2 /* SheetSceneCollectionViewController.swift in Sources */ = {isa = PBXBuildFile; fileRef = 9F82F8AF2577479D001FADB2 /* SheetSceneCollectionViewController.swift */; };
/* End PBXBuildFile section */

/* Begin PBXFileReference section */
		9F82F8762575026F001FADB2 /* SpreadSheetPrototype.app */ = {isa = PBXFileReference; explicitFileType = wrapper.application; includeInIndex = 0; path = SpreadSheetPrototype.app; sourceTree = BUILT_PRODUCTS_DIR; };
		9F82F8792575026F001FADB2 /* AppDelegate.swift */ = {isa = PBXFileReference; lastKnownFileType = sourcecode.swift; path = AppDelegate.swift; sourceTree = "<group>"; };
		9F82F87B2575026F001FADB2 /* SceneDelegate.swift */ = {isa = PBXFileReference; lastKnownFileType = sourcecode.swift; path = SceneDelegate.swift; sourceTree = "<group>"; };
		9F82F8802575026F001FADB2 /* Base */ = {isa = PBXFileReference; lastKnownFileType = file.storyboard; name = Base; path = Base.lproj/Main.storyboard; sourceTree = "<group>"; };
		9F82F8832575026F001FADB2 /* SpreadSheetPrototype.xcdatamodel */ = {isa = PBXFileReference; lastKnownFileType = wrapper.xcdatamodel; path = SpreadSheetPrototype.xcdatamodel; sourceTree = "<group>"; };
		9F82F88525750270001FADB2 /* Assets.xcassets */ = {isa = PBXFileReference; lastKnownFileType = folder.assetcatalog; path = Assets.xcassets; sourceTree = "<group>"; };
		9F82F88825750270001FADB2 /* Base */ = {isa = PBXFileReference; lastKnownFileType = file.storyboard; name = Base; path = Base.lproj/LaunchScreen.storyboard; sourceTree = "<group>"; };
		9F82F88A25750270001FADB2 /* Info.plist */ = {isa = PBXFileReference; lastKnownFileType = text.plist.xml; path = Info.plist; sourceTree = "<group>"; };
		9F82F89D25769417001FADB2 /* SheetList.swift */ = {isa = PBXFileReference; lastKnownFileType = sourcecode.swift; path = SheetList.swift; sourceTree = "<group>"; };
		9F82F8A125769423001FADB2 /* Sheet.swift */ = {isa = PBXFileReference; lastKnownFileType = sourcecode.swift; path = Sheet.swift; sourceTree = "<group>"; };
		9F82F8A42576942E001FADB2 /* SheetCell.swift */ = {isa = PBXFileReference; lastKnownFileType = sourcecode.swift; path = SheetCell.swift; sourceTree = "<group>"; };
		9F82F8A725769944001FADB2 /* SheetListTableViewController.swift */ = {isa = PBXFileReference; lastKnownFileType = sourcecode.swift; path = SheetListTableViewController.swift; sourceTree = "<group>"; };
		9F82F8AF2577479D001FADB2 /* SheetSceneCollectionViewController.swift */ = {isa = PBXFileReference; lastKnownFileType = sourcecode.swift; path = SheetSceneCollectionViewController.swift; sourceTree = "<group>"; };
/* End PBXFileReference section */

/* Begin PBXFrameworksBuildPhase section */
		9F82F8732575026F001FADB2 /* Frameworks */ = {
			isa = PBXFrameworksBuildPhase;
			buildActionMask = 2147483647;
			files = (
			);
			runOnlyForDeploymentPostprocessing = 0;
		};
/* End PBXFrameworksBuildPhase section */

/* Begin PBXGroup section */
		9F82F86D2575026F001FADB2 = {
			isa = PBXGroup;
			children = (
				9F82F8782575026F001FADB2 /* SpreadSheetPrototype */,
				9F82F8772575026F001FADB2 /* Products */,
			);
			sourceTree = "<group>";
		};
		9F82F8772575026F001FADB2 /* Products */ = {
			isa = PBXGroup;
			children = (
				9F82F8762575026F001FADB2 /* SpreadSheetPrototype.app */,
			);
			name = Products;
			sourceTree = "<group>";
		};
		9F82F8782575026F001FADB2 /* SpreadSheetPrototype */ = {
			isa = PBXGroup;
			children = (
				9F82F89C257693CF001FADB2 /* Data */,
				9F82F8992576937B001FADB2 /* Sheet */,
				9F82F87F2575026F001FADB2 /* Main.storyboard */,
				9F82F8792575026F001FADB2 /* AppDelegate.swift */,
				9F82F87B2575026F001FADB2 /* SceneDelegate.swift */,
				9F82F88525750270001FADB2 /* Assets.xcassets */,
				9F82F88725750270001FADB2 /* LaunchScreen.storyboard */,
				9F82F88A25750270001FADB2 /* Info.plist */,
				9F82F8822575026F001FADB2 /* SpreadSheetPrototype.xcdatamodeld */,
			);
			path = SpreadSheetPrototype;
			sourceTree = "<group>";
		};
		9F82F8992576937B001FADB2 /* Sheet */ = {
			isa = PBXGroup;
			children = (
				9F82F89B257693C1001FADB2 /* ViewController */,
				9F82F89A257693B8001FADB2 /* Model */,
			);
			path = Sheet;
			sourceTree = "<group>";
		};
		9F82F89A257693B8001FADB2 /* Model */ = {
			isa = PBXGroup;
			children = (
				9F82F89D25769417001FADB2 /* SheetList.swift */,
				9F82F8A125769423001FADB2 /* Sheet.swift */,
				9F82F8A42576942E001FADB2 /* SheetCell.swift */,
			);
			path = Model;
			sourceTree = "<group>";
		};
		9F82F89B257693C1001FADB2 /* ViewController */ = {
			isa = PBXGroup;
			children = (
				9F82F8A725769944001FADB2 /* SheetListTableViewController.swift */,
				9F82F8AF2577479D001FADB2 /* SheetSceneCollectionViewController.swift */,
			);
			path = ViewController;
			sourceTree = "<group>";
		};
		9F82F89C257693CF001FADB2 /* Data */ = {
			isa = PBXGroup;
			children = (
			);
			path = Data;
			sourceTree = "<group>";
		};
/* End PBXGroup section */

/* Begin PBXNativeTarget section */
		9F82F8752575026F001FADB2 /* SpreadSheetPrototype */ = {
			isa = PBXNativeTarget;
			buildConfigurationList = 9F82F88D25750270001FADB2 /* Build configuration list for PBXNativeTarget "SpreadSheetPrototype" */;
			buildPhases = (
				9F82F8722575026F001FADB2 /* Sources */,
				9F82F8732575026F001FADB2 /* Frameworks */,
				9F82F8742575026F001FADB2 /* Resources */,
			);
			buildRules = (
			);
			dependencies = (
			);
			name = SpreadSheetPrototype;
			productName = SpreadSheetPrototype;
			productReference = 9F82F8762575026F001FADB2 /* SpreadSheetPrototype.app */;
			productType = "com.apple.product-type.application";
		};
/* End PBXNativeTarget section */

/* Begin PBXProject section */
		9F82F86E2575026F001FADB2 /* Project object */ = {
			isa = PBXProject;
			attributes = {
				LastSwiftUpdateCheck = 1200;
				LastUpgradeCheck = 1200;
				TargetAttributes = {
					9F82F8752575026F001FADB2 = {
						CreatedOnToolsVersion = 12.0;
					};
				};
			};
			buildConfigurationList = 9F82F8712575026F001FADB2 /* Build configuration list for PBXProject "SpreadSheetPrototype" */;
			compatibilityVersion = "Xcode 9.3";
			developmentRegion = en;
			hasScannedForEncodings = 0;
			knownRegions = (
				en,
				Base,
			);
			mainGroup = 9F82F86D2575026F001FADB2;
			productRefGroup = 9F82F8772575026F001FADB2 /* Products */;
			projectDirPath = "";
			projectRoot = "";
			targets = (
				9F82F8752575026F001FADB2 /* SpreadSheetPrototype */,
			);
		};
/* End PBXProject section */

/* Begin PBXResourcesBuildPhase section */
		9F82F8742575026F001FADB2 /* Resources */ = {
			isa = PBXResourcesBuildPhase;
			buildActionMask = 2147483647;
			files = (
				9F82F88925750270001FADB2 /* LaunchScreen.storyboard in Resources */,
				9F82F88625750270001FADB2 /* Assets.xcassets in Resources */,
				9F82F8812575026F001FADB2 /* Main.storyboard in Resources */,
			);
			runOnlyForDeploymentPostprocessing = 0;
		};
/* End PBXResourcesBuildPhase section */

/* Begin PBXSourcesBuildPhase section */
		9F82F8722575026F001FADB2 /* Sources */ = {
			isa = PBXSourcesBuildPhase;
			buildActionMask = 2147483647;
			files = (
				9F82F8A825769944001FADB2 /* SheetListTableViewController.swift in Sources */,
				9F82F8A225769423001FADB2 /* Sheet.swift in Sources */,
				9F82F8842575026F001FADB2 /* SpreadSheetPrototype.xcdatamodeld in Sources */,
				9F82F87A2575026F001FADB2 /* AppDelegate.swift in Sources */,
				9F82F87C2575026F001FADB2 /* SceneDelegate.swift in Sources */,
				9F82F8B02577479D001FADB2 /* SheetSceneCollectionViewController.swift in Sources */,
				9F82F89E25769417001FADB2 /* SheetList.swift in Sources */,
				9F82F8A52576942E001FADB2 /* SheetCell.swift in Sources */,
			);
			runOnlyForDeploymentPostprocessing = 0;
		};
/* End PBXSourcesBuildPhase section */

/* Begin PBXVariantGroup section */
		9F82F87F2575026F001FADB2 /* Main.storyboard */ = {
			isa = PBXVariantGroup;
			children = (
				9F82F8802575026F001FADB2 /* Base */,
			);
			name = Main.storyboard;
			sourceTree = "<group>";
		};
		9F82F88725750270001FADB2 /* LaunchScreen.storyboard */ = {
			isa = PBXVariantGroup;
			children = (
				9F82F88825750270001FADB2 /* Base */,
			);
			name = LaunchScreen.storyboard;
			sourceTree = "<group>";
		};
/* End PBXVariantGroup section */

/* Begin XCBuildConfiguration section */
		9F82F88B25750270001FADB2 /* Debug */ = {
			isa = XCBuildConfiguration;
			buildSettings = {
				ALWAYS_SEARCH_USER_PATHS = NO;
				CLANG_ANALYZER_NONNULL = YES;
				CLANG_ANALYZER_NUMBER_OBJECT_CONVERSION = YES_AGGRESSIVE;
				CLANG_CXX_LANGUAGE_STANDARD = "gnu++14";
				CLANG_CXX_LIBRARY = "libc++";
				CLANG_ENABLE_MODULES = YES;
				CLANG_ENABLE_OBJC_ARC = YES;
				CLANG_ENABLE_OBJC_WEAK = YES;
				CLANG_WARN_BLOCK_CAPTURE_AUTORELEASING = YES;
				CLANG_WARN_BOOL_CONVERSION = YES;
				CLANG_WARN_COMMA = YES;
				CLANG_WARN_CONSTANT_CONVERSION = YES;
				CLANG_WARN_DEPRECATED_OBJC_IMPLEMENTATIONS = YES;
				CLANG_WARN_DIRECT_OBJC_ISA_USAGE = YES_ERROR;
				CLANG_WARN_DOCUMENTATION_COMMENTS = YES;
				CLANG_WARN_EMPTY_BODY = YES;
				CLANG_WARN_ENUM_CONVERSION = YES;
				CLANG_WARN_INFINITE_RECURSION = YES;
				CLANG_WARN_INT_CONVERSION = YES;
				CLANG_WARN_NON_LITERAL_NULL_CONVERSION = YES;
				CLANG_WARN_OBJC_IMPLICIT_RETAIN_SELF = YES;
				CLANG_WARN_OBJC_LITERAL_CONVERSION = YES;
				CLANG_WARN_OBJC_ROOT_CLASS = YES_ERROR;
				CLANG_WARN_QUOTED_INCLUDE_IN_FRAMEWORK_HEADER = YES;
				CLANG_WARN_RANGE_LOOP_ANALYSIS = YES;
				CLANG_WARN_STRICT_PROTOTYPES = YES;
				CLANG_WARN_SUSPICIOUS_MOVE = YES;
				CLANG_WARN_UNGUARDED_AVAILABILITY = YES_AGGRESSIVE;
				CLANG_WARN_UNREACHABLE_CODE = YES;
				CLANG_WARN__DUPLICATE_METHOD_MATCH = YES;
				COPY_PHASE_STRIP = NO;
				DEBUG_INFORMATION_FORMAT = dwarf;
				ENABLE_STRICT_OBJC_MSGSEND = YES;
				ENABLE_TESTABILITY = YES;
				GCC_C_LANGUAGE_STANDARD = gnu11;
				GCC_DYNAMIC_NO_PIC = NO;
				GCC_NO_COMMON_BLOCKS = YES;
				GCC_OPTIMIZATION_LEVEL = 0;
				GCC_PREPROCESSOR_DEFINITIONS = (
					"DEBUG=1",
					"$(inherited)",
				);
				GCC_WARN_64_TO_32_BIT_CONVERSION = YES;
				GCC_WARN_ABOUT_RETURN_TYPE = YES_ERROR;
				GCC_WARN_UNDECLARED_SELECTOR = YES;
				GCC_WARN_UNINITIALIZED_AUTOS = YES_AGGRESSIVE;
				GCC_WARN_UNUSED_FUNCTION = YES;
				GCC_WARN_UNUSED_VARIABLE = YES;
				IPHONEOS_DEPLOYMENT_TARGET = 14.0;
				MTL_ENABLE_DEBUG_INFO = INCLUDE_SOURCE;
				MTL_FAST_MATH = YES;
				ONLY_ACTIVE_ARCH = YES;
				SDKROOT = iphoneos;
				SWIFT_ACTIVE_COMPILATION_CONDITIONS = DEBUG;
				SWIFT_OPTIMIZATION_LEVEL = "-Onone";
			};
			name = Debug;
		};
		9F82F88C25750270001FADB2 /* Release */ = {
			isa = XCBuildConfiguration;
			buildSettings = {
				ALWAYS_SEARCH_USER_PATHS = NO;
				CLANG_ANALYZER_NONNULL = YES;
				CLANG_ANALYZER_NUMBER_OBJECT_CONVERSION = YES_AGGRESSIVE;
				CLANG_CXX_LANGUAGE_STANDARD = "gnu++14";
				CLANG_CXX_LIBRARY = "libc++";
				CLANG_ENABLE_MODULES = YES;
				CLANG_ENABLE_OBJC_ARC = YES;
				CLANG_ENABLE_OBJC_WEAK = YES;
				CLANG_WARN_BLOCK_CAPTURE_AUTORELEASING = YES;
				CLANG_WARN_BOOL_CONVERSION = YES;
				CLANG_WARN_COMMA = YES;
				CLANG_WARN_CONSTANT_CONVERSION = YES;
				CLANG_WARN_DEPRECATED_OBJC_IMPLEMENTATIONS = YES;
				CLANG_WARN_DIRECT_OBJC_ISA_USAGE = YES_ERROR;
				CLANG_WARN_DOCUMENTATION_COMMENTS = YES;
				CLANG_WARN_EMPTY_BODY = YES;
				CLANG_WARN_ENUM_CONVERSION = YES;
				CLANG_WARN_INFINITE_RECURSION = YES;
				CLANG_WARN_INT_CONVERSION = YES;
				CLANG_WARN_NON_LITERAL_NULL_CONVERSION = YES;
				CLANG_WARN_OBJC_IMPLICIT_RETAIN_SELF = YES;
				CLANG_WARN_OBJC_LITERAL_CONVERSION = YES;
				CLANG_WARN_OBJC_ROOT_CLASS = YES_ERROR;
				CLANG_WARN_QUOTED_INCLUDE_IN_FRAMEWORK_HEADER = YES;
				CLANG_WARN_RANGE_LOOP_ANALYSIS = YES;
				CLANG_WARN_STRICT_PROTOTYPES = YES;
				CLANG_WARN_SUSPICIOUS_MOVE = YES;
				CLANG_WARN_UNGUARDED_AVAILABILITY = YES_AGGRESSIVE;
				CLANG_WARN_UNREACHABLE_CODE = YES;
				CLANG_WARN__DUPLICATE_METHOD_MATCH = YES;
				COPY_PHASE_STRIP = NO;
				DEBUG_INFORMATION_FORMAT = "dwarf-with-dsym";
				ENABLE_NS_ASSERTIONS = NO;
				ENABLE_STRICT_OBJC_MSGSEND = YES;
				GCC_C_LANGUAGE_STANDARD = gnu11;
				GCC_NO_COMMON_BLOCKS = YES;
				GCC_WARN_64_TO_32_BIT_CONVERSION = YES;
				GCC_WARN_ABOUT_RETURN_TYPE = YES_ERROR;
				GCC_WARN_UNDECLARED_SELECTOR = YES;
				GCC_WARN_UNINITIALIZED_AUTOS = YES_AGGRESSIVE;
				GCC_WARN_UNUSED_FUNCTION = YES;
				GCC_WARN_UNUSED_VARIABLE = YES;
				IPHONEOS_DEPLOYMENT_TARGET = 14.0;
				MTL_ENABLE_DEBUG_INFO = NO;
				MTL_FAST_MATH = YES;
				SDKROOT = iphoneos;
				SWIFT_COMPILATION_MODE = wholemodule;
				SWIFT_OPTIMIZATION_LEVEL = "-O";
				VALIDATE_PRODUCT = YES;
			};
			name = Release;
		};
		9F82F88E25750270001FADB2 /* Debug */ = {
			isa = XCBuildConfiguration;
			buildSettings = {
				ASSETCATALOG_COMPILER_APPICON_NAME = AppIcon;
				ASSETCATALOG_COMPILER_GLOBAL_ACCENT_COLOR_NAME = AccentColor;
				CODE_SIGN_STYLE = Automatic;
				INFOPLIST_FILE = SpreadSheetPrototype/Info.plist;
				LD_RUNPATH_SEARCH_PATHS = (
					"$(inherited)",
					"@executable_path/Frameworks",
				);
				PRODUCT_BUNDLE_IDENTIFIER = iOSHaYeonStudy.SpreadSheetPrototype;
				PRODUCT_NAME = "$(TARGET_NAME)";
				SWIFT_VERSION = 5.0;
				TARGETED_DEVICE_FAMILY = "1,2";
			};
			name = Debug;
		};
		9F82F88F25750270001FADB2 /* Release */ = {
			isa = XCBuildConfiguration;
			buildSettings = {
				ASSETCATALOG_COMPILER_APPICON_NAME = AppIcon;
				ASSETCATALOG_COMPILER_GLOBAL_ACCENT_COLOR_NAME = AccentColor;
				CODE_SIGN_STYLE = Automatic;
				INFOPLIST_FILE = SpreadSheetPrototype/Info.plist;
				LD_RUNPATH_SEARCH_PATHS = (
					"$(inherited)",
					"@executable_path/Frameworks",
				);
				PRODUCT_BUNDLE_IDENTIFIER = iOSHaYeonStudy.SpreadSheetPrototype;
				PRODUCT_NAME = "$(TARGET_NAME)";
				SWIFT_VERSION = 5.0;
				TARGETED_DEVICE_FAMILY = "1,2";
			};
			name = Release;
		};
/* End XCBuildConfiguration section */

/* Begin XCConfigurationList section */
		9F82F8712575026F001FADB2 /* Build configuration list for PBXProject "SpreadSheetPrototype" */ = {
			isa = XCConfigurationList;
			buildConfigurations = (
				9F82F88B25750270001FADB2 /* Debug */,
				9F82F88C25750270001FADB2 /* Release */,
			);
			defaultConfigurationIsVisible = 0;
			defaultConfigurationName = Release;
		};
		9F82F88D25750270001FADB2 /* Build configuration list for PBXNativeTarget "SpreadSheetPrototype" */ = {
			isa = XCConfigurationList;
			buildConfigurations = (
				9F82F88E25750270001FADB2 /* Debug */,
				9F82F88F25750270001FADB2 /* Release */,
			);
			defaultConfigurationIsVisible = 0;
			defaultConfigurationName = Release;
		};
/* End XCConfigurationList section */

/* Begin XCVersionGroup section */
		9F82F8822575026F001FADB2 /* SpreadSheetPrototype.xcdatamodeld */ = {
			isa = XCVersionGroup;
			children = (
				9F82F8832575026F001FADB2 /* SpreadSheetPrototype.xcdatamodel */,
			);
			currentVersion = 9F82F8832575026F001FADB2 /* SpreadSheetPrototype.xcdatamodel */;
			path = SpreadSheetPrototype.xcdatamodeld;
			sourceTree = "<group>";
			versionGroupType = wrapper.xcdatamodel;
		};
/* End XCVersionGroup section */
	};
	rootObject = 9F82F86E2575026F001FADB2 /* Project object */;
}
